
Microsoft Visual Studio Solution File, Format Version 12.00
# Visual Studio Version 17
VisualStudioVersion = 17.0.32126.317
MinimumVisualStudioVersion = 10.0.40219.1
Project("{54A90642-561A-4BB1-A94E-469ADEE60C69}") = "DFMS.Frontend", "DFMS.Frontend\DFMS.Frontend.esproj", "{FC210E88-925C-4335-99A1-621BC40D6CFB}"
EndProject
Global
	GlobalSection(SolutionConfigurationPlatforms) = preSolution
		Debug|Any CPU = Debug|Any CPU
		Release|Any CPU = Release|Any CPU
	EndGlobalSection
	GlobalSection(ProjectConfigurationPlatforms) = postSolution
		{FC210E88-925C-4335-99A1-621BC40D6CFB}.Debug|Any CPU.ActiveCfg = Debug|Any CPU
		{FC210E88-925C-4335-99A1-621BC40D6CFB}.Debug|Any CPU.Build.0 = Debug|Any CPU
		{FC210E88-925C-4335-99A1-621BC40D6CFB}.Debug|Any CPU.Deploy.0 = Debug|Any CPU
		{FC210E88-925C-4335-99A1-621BC40D6CFB}.Release|Any CPU.ActiveCfg = Release|Any CPU
		{FC210E88-925C-4335-99A1-621BC40D6CFB}.Release|Any CPU.Build.0 = Release|Any CPU
		{FC210E88-925C-4335-99A1-621BC40D6CFB}.Release|Any CPU.Deploy.0 = Release|Any CPU
	EndGlobalSection
	GlobalSection(SolutionProperties) = preSolution
		HideSolutionNode = FALSE
	EndGlobalSection
	GlobalSection(ExtensibilityGlobals) = postSolution
		SolutionGuid = {17DC3366-A5AC-40D4-8B47-2F27CECB707F}
	EndGlobalSection
EndGlobal
